
Microsoft Visual Studio Solution File, Format Version 12.00
# Visual Studio 2017
Project("{FAE04EC0-301F-11D3-BF4B-00C04F79EFBC}") = "SnowManGame", "SnowManGame.csproj", "{049C521B-DEF8-38FE-AD7E-0B9B73367CDB}"
EndProject
Project("{FAE04EC0-301F-11D3-BF4B-00C04F79EFBC}") = "SnowManGame.Plugins", "SnowManGame.Plugins.csproj", "{E3C3A8E1-6912-B30A-1C50-32E7D89AC62F}"
EndProject
Project("{FAE04EC0-301F-11D3-BF4B-00C04F79EFBC}") = "SnowManGame.Editor.Plugins", "SnowManGame.Editor.Plugins.csproj", "{5C937E94-FABC-43C5-BC34-950A2568831A}"
EndProject
Project("{FAE04EC0-301F-11D3-BF4B-00C04F79EFBC}") = "SnowManGame.Editor", "SnowManGame.Editor.csproj", "{558EB6E7-8AD1-105F-DF55-9E9918F21DA9}"
EndProject
Global
	GlobalSection(SolutionConfigurationPlatforms) = preSolution
		Debug|Any CPU = Debug|Any CPU
		Release|Any CPU = Release|Any CPU
	EndGlobalSection
	GlobalSection(ProjectConfigurationPlatforms) = postSolution
		{049C521B-DEF8-38FE-AD7E-0B9B73367CDB}.Debug|Any CPU.ActiveCfg = Debug|Any CPU
		{049C521B-DEF8-38FE-AD7E-0B9B73367CDB}.Debug|Any CPU.Build.0 = Debug|Any CPU
		{049C521B-DEF8-38FE-AD7E-0B9B73367CDB}.Release|Any CPU.ActiveCfg = Release|Any CPU
		{049C521B-DEF8-38FE-AD7E-0B9B73367CDB}.Release|Any CPU.Build.0 = Release|Any CPU
		{E3C3A8E1-6912-B30A-1C50-32E7D89AC62F}.Debug|Any CPU.ActiveCfg = Debug|Any CPU
		{E3C3A8E1-6912-B30A-1C50-32E7D89AC62F}.Debug|Any CPU.Build.0 = Debug|Any CPU
		{E3C3A8E1-6912-B30A-1C50-32E7D89AC62F}.Release|Any CPU.ActiveCfg = Release|Any CPU
		{E3C3A8E1-6912-B30A-1C50-32E7D89AC62F}.Release|Any CPU.Build.0 = Release|Any CPU
		{5C937E94-FABC-43C5-BC34-950A2568831A}.Debug|Any CPU.ActiveCfg = Debug|Any CPU
		{5C937E94-FABC-43C5-BC34-950A2568831A}.Debug|Any CPU.Build.0 = Debug|Any CPU
		{5C937E94-FABC-43C5-BC34-950A2568831A}.Release|Any CPU.ActiveCfg = Release|Any CPU
		{5C937E94-FABC-43C5-BC34-950A2568831A}.Release|Any CPU.Build.0 = Release|Any CPU
		{558EB6E7-8AD1-105F-DF55-9E9918F21DA9}.Debug|Any CPU.ActiveCfg = Debug|Any CPU
		{558EB6E7-8AD1-105F-DF55-9E9918F21DA9}.Debug|Any CPU.Build.0 = Debug|Any CPU
		{558EB6E7-8AD1-105F-DF55-9E9918F21DA9}.Release|Any CPU.ActiveCfg = Release|Any CPU
		{558EB6E7-8AD1-105F-DF55-9E9918F21DA9}.Release|Any CPU.Build.0 = Release|Any CPU
	EndGlobalSection
	GlobalSection(SolutionProperties) = preSolution
		HideSolutionNode = FALSE
	EndGlobalSection
EndGlobal
