
Microsoft Visual Studio Solution File, Format Version 11.00
# Visual Studio 2010
Project("{FAE04EC0-301F-11D3-BF4B-00C04F79EFBC}") = "SnowManGame", "Assembly-CSharp-firstpass.csproj", "{742223D9-197C-9E3C-06AB-B0BD7FE9CF6B}"
EndProject
Project("{FAE04EC0-301F-11D3-BF4B-00C04F79EFBC}") = "SnowManGame", "Assembly-CSharp.csproj", "{AA752860-AF56-1A78-836E-E4FE508EA881}"
EndProject
Project("{FAE04EC0-301F-11D3-BF4B-00C04F79EFBC}") = "SnowManGame", "Assembly-CSharp-Editor-firstpass.csproj", "{B050CD0C-3654-3E63-CE34-02C8E8021A5D}"
EndProject
Project("{FAE04EC0-301F-11D3-BF4B-00C04F79EFBC}") = "SnowManGame", "Assembly-CSharp-Editor.csproj", "{88B4D9F9-E8CD-A6D3-E28B-35F98148E022}"
EndProject
Global
	GlobalSection(SolutionConfigurationPlatforms) = preSolution
		Debug|Any CPU = Debug|Any CPU
		Release|Any CPU = Release|Any CPU
	EndGlobalSection
	GlobalSection(ProjectConfigurationPlatforms) = postSolution
		{742223D9-197C-9E3C-06AB-B0BD7FE9CF6B}.Debug|Any CPU.ActiveCfg = Debug|Any CPU
		{742223D9-197C-9E3C-06AB-B0BD7FE9CF6B}.Debug|Any CPU.Build.0 = Debug|Any CPU
		{742223D9-197C-9E3C-06AB-B0BD7FE9CF6B}.Release|Any CPU.ActiveCfg = Release|Any CPU
		{742223D9-197C-9E3C-06AB-B0BD7FE9CF6B}.Release|Any CPU.Build.0 = Release|Any CPU
		{AA752860-AF56-1A78-836E-E4FE508EA881}.Debug|Any CPU.ActiveCfg = Debug|Any CPU
		{AA752860-AF56-1A78-836E-E4FE508EA881}.Debug|Any CPU.Build.0 = Debug|Any CPU
		{AA752860-AF56-1A78-836E-E4FE508EA881}.Release|Any CPU.ActiveCfg = Release|Any CPU
		{AA752860-AF56-1A78-836E-E4FE508EA881}.Release|Any CPU.Build.0 = Release|Any CPU
		{B050CD0C-3654-3E63-CE34-02C8E8021A5D}.Debug|Any CPU.ActiveCfg = Debug|Any CPU
		{B050CD0C-3654-3E63-CE34-02C8E8021A5D}.Debug|Any CPU.Build.0 = Debug|Any CPU
		{B050CD0C-3654-3E63-CE34-02C8E8021A5D}.Release|Any CPU.ActiveCfg = Release|Any CPU
		{B050CD0C-3654-3E63-CE34-02C8E8021A5D}.Release|Any CPU.Build.0 = Release|Any CPU
		{88B4D9F9-E8CD-A6D3-E28B-35F98148E022}.Debug|Any CPU.ActiveCfg = Debug|Any CPU
		{88B4D9F9-E8CD-A6D3-E28B-35F98148E022}.Debug|Any CPU.Build.0 = Debug|Any CPU
		{88B4D9F9-E8CD-A6D3-E28B-35F98148E022}.Release|Any CPU.ActiveCfg = Release|Any CPU
		{88B4D9F9-E8CD-A6D3-E28B-35F98148E022}.Release|Any CPU.Build.0 = Release|Any CPU
	EndGlobalSection
	GlobalSection(SolutionProperties) = preSolution
		HideSolutionNode = FALSE
	EndGlobalSection
	GlobalSection(MonoDevelopProperties) = preSolution
		StartupItem = Assembly-CSharp.csproj
	EndGlobalSection
EndGlobal
